
Microsoft Visual Studio Solution File, Format Version 12.00
# Visual Studio Version 16
VisualStudioVersion = 16.0.30611.23
MinimumVisualStudioVersion = 10.0.40219.1
Project("{FAE04EC0-301F-11D3-BF4B-00C04F79EFBC}") = "OneStepSetUpEnvironment", "OneStepSetUpEnvironment\OneStepSetUpEnvironment.csproj", "{C3A4DA57-DC06-4924-8301-53E5FF13D36A}"
EndProject
Global
	GlobalSection(SolutionConfigurationPlatforms) = preSolution
		Debug|Any CPU = Debug|Any CPU
		Release|Any CPU = Release|Any CPU
	EndGlobalSection
	GlobalSection(ProjectConfigurationPlatforms) = postSolution
		{C3A4DA57-DC06-4924-8301-53E5FF13D36A}.Debug|Any CPU.ActiveCfg = Debug|Any CPU
		{C3A4DA57-DC06-4924-8301-53E5FF13D36A}.Debug|Any CPU.Build.0 = Debug|Any CPU
		{C3A4DA57-DC06-4924-8301-53E5FF13D36A}.Release|Any CPU.ActiveCfg = Release|Any CPU
		{C3A4DA57-DC06-4924-8301-53E5FF13D36A}.Release|Any CPU.Build.0 = Release|Any CPU
	EndGlobalSection
	GlobalSection(SolutionProperties) = preSolution
		HideSolutionNode = FALSE
	EndGlobalSection
	GlobalSection(ExtensibilityGlobals) = postSolution
		SolutionGuid = {D9F2B3DA-0FCD-461C-B80D-6EAFCDEDF74F}
	EndGlobalSection
EndGlobal
